
Microsoft Visual Studio Solution File, Format Version 12.00
# Visual Studio 15
Project("{FAE04EC0-301F-11D3-BF4B-00C04F79EFBC}") = "UniWebView-CSharp", "UniWebView-CSharp.csproj", "{E2635CE7-FC77-B313-0DF6-A93C6AAD2234}"
EndProject
Project("{FAE04EC0-301F-11D3-BF4B-00C04F79EFBC}") = "UniWebView-CSharp.Editor", "UniWebView-CSharp.Editor.csproj", "{DEB027BE-D144-AB6D-3FF9-0860252D08EB}"
EndProject
Project("{FAE04EC0-301F-11D3-BF4B-00C04F79EFBC}") = "Assembly-CSharp", "Assembly-CSharp.csproj", "{01A34CD3-94D2-CCBE-6DF9-245EE6726864}"
EndProject
Global
	GlobalSection(SolutionConfigurationPlatforms) = preSolution
		Debug|Any CPU = Debug|Any CPU
		Release|Any CPU = Release|Any CPU
	EndGlobalSection
	GlobalSection(ProjectConfigurationPlatforms) = postSolution
		{E2635CE7-FC77-B313-0DF6-A93C6AAD2234}.Debug|Any CPU.ActiveCfg = Debug|Any CPU
		{E2635CE7-FC77-B313-0DF6-A93C6AAD2234}.Debug|Any CPU.Build.0 = Debug|Any CPU
		{E2635CE7-FC77-B313-0DF6-A93C6AAD2234}.Release|Any CPU.ActiveCfg = Release|Any CPU
		{E2635CE7-FC77-B313-0DF6-A93C6AAD2234}.Release|Any CPU.Build.0 = Release|Any CPU
		{DEB027BE-D144-AB6D-3FF9-0860252D08EB}.Debug|Any CPU.ActiveCfg = Debug|Any CPU
		{DEB027BE-D144-AB6D-3FF9-0860252D08EB}.Debug|Any CPU.Build.0 = Debug|Any CPU
		{DEB027BE-D144-AB6D-3FF9-0860252D08EB}.Release|Any CPU.ActiveCfg = Release|Any CPU
		{DEB027BE-D144-AB6D-3FF9-0860252D08EB}.Release|Any CPU.Build.0 = Release|Any CPU
		{01A34CD3-94D2-CCBE-6DF9-245EE6726864}.Debug|Any CPU.ActiveCfg = Debug|Any CPU
		{01A34CD3-94D2-CCBE-6DF9-245EE6726864}.Debug|Any CPU.Build.0 = Debug|Any CPU
		{01A34CD3-94D2-CCBE-6DF9-245EE6726864}.Release|Any CPU.ActiveCfg = Release|Any CPU
		{01A34CD3-94D2-CCBE-6DF9-245EE6726864}.Release|Any CPU.Build.0 = Release|Any CPU
	EndGlobalSection
	GlobalSection(SolutionProperties) = preSolution
		HideSolutionNode = FALSE
	EndGlobalSection
EndGlobal
